// !$*UTF8*$!
{
	archiveVersion = 1;
	classes = {
	};
	objectVersion = 56;
	objects = {

/* Begin PBXBuildFile section */
		963D625C2BA151DD00FA6920 /* Meme.swift in Sources */ = {isa = PBXBuildFile; fileRef = 963D625B2BA151DD00FA6920 /* Meme.swift */; };
		96452F742BA832EC00F2BCE2 /* CollectionMeme.storyboard in Resources */ = {isa = PBXBuildFile; fileRef = 96452F722BA832EC00F2BCE2 /* CollectionMeme.storyboard */; };
		964A23E42BA8335900332CA2 /* CollectionMemeViewController.swift in Sources */ = {isa = PBXBuildFile; fileRef = 964A23E32BA8335900332CA2 /* CollectionMemeViewController.swift */; };
		964A23E82BA8345300332CA2 /* MemeCollectionViewCell.swift in Sources */ = {isa = PBXBuildFile; fileRef = 964A23E62BA8345300332CA2 /* MemeCollectionViewCell.swift */; };
		964A23E92BA8345300332CA2 /* MemeCollectionViewCell.xib in Resources */ = {isa = PBXBuildFile; fileRef = 964A23E72BA8345300332CA2 /* MemeCollectionViewCell.xib */; };
		9666C6AF2BA034A900007AFC /* MemeTextField.swift in Sources */ = {isa = PBXBuildFile; fileRef = 9666C6AE2BA034A900007AFC /* MemeTextField.swift */; };
		9685831F2B99F8CA00CF4603 /* AppDelegate.swift in Sources */ = {isa = PBXBuildFile; fileRef = 9685831E2B99F8CA00CF4603 /* AppDelegate.swift */; };
		968583212B99F8CA00CF4603 /* SceneDelegate.swift in Sources */ = {isa = PBXBuildFile; fileRef = 968583202B99F8CA00CF4603 /* SceneDelegate.swift */; };
		968583232B99F8CA00CF4603 /* MemeEditorViewController.swift in Sources */ = {isa = PBXBuildFile; fileRef = 968583222B99F8CA00CF4603 /* MemeEditorViewController.swift */; };
		968583262B99F8CA00CF4603 /* Main.storyboard in Resources */ = {isa = PBXBuildFile; fileRef = 968583242B99F8CA00CF4603 /* Main.storyboard */; };
		968583282B99F8CB00CF4603 /* Assets.xcassets in Resources */ = {isa = PBXBuildFile; fileRef = 968583272B99F8CB00CF4603 /* Assets.xcassets */; };
		9685832B2B99F8CB00CF4603 /* LaunchScreen.storyboard in Resources */ = {isa = PBXBuildFile; fileRef = 968583292B99F8CB00CF4603 /* LaunchScreen.storyboard */; };
		968583352B9A017300CF4603 /* TabbarDelegate.swift in Sources */ = {isa = PBXBuildFile; fileRef = 968583342B9A017300CF4603 /* TabbarDelegate.swift */; };
		968583392B9A040B00CF4603 /* FontViewController.swift in Sources */ = {isa = PBXBuildFile; fileRef = 968583372B9A040B00CF4603 /* FontViewController.swift */; };
		9685833A2B9A040B00CF4603 /* FontViewController.xib in Resources */ = {isa = PBXBuildFile; fileRef = 968583382B9A040B00CF4603 /* FontViewController.xib */; };
		96DC38C82BA34D09005C5DBE /* ListMeme.storyboard in Resources */ = {isa = PBXBuildFile; fileRef = 96DC38C62BA34D09005C5DBE /* ListMeme.storyboard */; };
		96DC38CD2BA34D7E005C5DBE /* MemeTableViewCell.swift in Sources */ = {isa = PBXBuildFile; fileRef = 96DC38CB2BA34D7E005C5DBE /* MemeTableViewCell.swift */; };
		96DC38CE2BA34D7E005C5DBE /* MemeTableViewCell.xib in Resources */ = {isa = PBXBuildFile; fileRef = 96DC38CC2BA34D7E005C5DBE /* MemeTableViewCell.xib */; };
		96DC38D02BA34DA8005C5DBE /* ListMemeViewController.swift in Sources */ = {isa = PBXBuildFile; fileRef = 96DC38CF2BA34DA8005C5DBE /* ListMemeViewController.swift */; };
		96DC38D32BA3516D005C5DBE /* MemeSource.swift in Sources */ = {isa = PBXBuildFile; fileRef = 96DC38D22BA3516D005C5DBE /* MemeSource.swift */; };
		96E883442B9EC081007929BC /* ImagePickerManager.swift in Sources */ = {isa = PBXBuildFile; fileRef = 96E883432B9EC081007929BC /* ImagePickerManager.swift */; };
		96F9C6472BA1FECC005A87D3 /* MemeEditorViewController.xib in Resources */ = {isa = PBXBuildFile; fileRef = 96F9C6462BA1FECC005A87D3 /* MemeEditorViewController.xib */; };
		96F9C64E2BA20157005A87D3 /* TabbarController.swift in Sources */ = {isa = PBXBuildFile; fileRef = 96F9C64D2BA20157005A87D3 /* TabbarController.swift */; };
/* End PBXBuildFile section */

/* Begin PBXFileReference section */
		963D625B2BA151DD00FA6920 /* Meme.swift */ = {isa = PBXFileReference; lastKnownFileType = sourcecode.swift; path = Meme.swift; sourceTree = "<group>"; };
		96452F732BA832EC00F2BCE2 /* Base */ = {isa = PBXFileReference; lastKnownFileType = file.storyboard; name = Base; path = Udacity_Meme1.1/Screen/Tabbar/Base.lproj/CollectionMeme.storyboard; sourceTree = "<group>"; };
		964A23E32BA8335900332CA2 /* CollectionMemeViewController.swift */ = {isa = PBXFileReference; lastKnownFileType = sourcecode.swift; path = CollectionMemeViewController.swift; sourceTree = "<group>"; };
		964A23E62BA8345300332CA2 /* MemeCollectionViewCell.swift */ = {isa = PBXFileReference; lastKnownFileType = sourcecode.swift; path = MemeCollectionViewCell.swift; sourceTree = "<group>"; };
		964A23E72BA8345300332CA2 /* MemeCollectionViewCell.xib */ = {isa = PBXFileReference; lastKnownFileType = file.xib; path = MemeCollectionViewCell.xib; sourceTree = "<group>"; };
		9666C6AE2BA034A900007AFC /* MemeTextField.swift */ = {isa = PBXFileReference; lastKnownFileType = sourcecode.swift; path = MemeTextField.swift; sourceTree = "<group>"; };
		9685831B2B99F8CA00CF4603 /* Udacity_Meme1.1.app */ = {isa = PBXFileReference; explicitFileType = wrapper.application; includeInIndex = 0; path = Udacity_Meme1.1.app; sourceTree = BUILT_PRODUCTS_DIR; };
		9685831E2B99F8CA00CF4603 /* AppDelegate.swift */ = {isa = PBXFileReference; lastKnownFileType = sourcecode.swift; path = AppDelegate.swift; sourceTree = "<group>"; };
		968583202B99F8CA00CF4603 /* SceneDelegate.swift */ = {isa = PBXFileReference; lastKnownFileType = sourcecode.swift; path = SceneDelegate.swift; sourceTree = "<group>"; };
		968583222B99F8CA00CF4603 /* MemeEditorViewController.swift */ = {isa = PBXFileReference; lastKnownFileType = sourcecode.swift; path = MemeEditorViewController.swift; sourceTree = "<group>"; };
		968583252B99F8CA00CF4603 /* Base */ = {isa = PBXFileReference; lastKnownFileType = file.storyboard; name = Base; path = Base.lproj/Main.storyboard; sourceTree = "<group>"; };
		968583272B99F8CB00CF4603 /* Assets.xcassets */ = {isa = PBXFileReference; lastKnownFileType = folder.assetcatalog; path = Assets.xcassets; sourceTree = "<group>"; };
		9685832A2B99F8CB00CF4603 /* Base */ = {isa = PBXFileReference; lastKnownFileType = file.storyboard; name = Base; path = Base.lproj/LaunchScreen.storyboard; sourceTree = "<group>"; };
		9685832C2B99F8CB00CF4603 /* Info.plist */ = {isa = PBXFileReference; lastKnownFileType = text.plist.xml; path = Info.plist; sourceTree = "<group>"; };
		968583342B9A017300CF4603 /* TabbarDelegate.swift */ = {isa = PBXFileReference; lastKnownFileType = sourcecode.swift; path = TabbarDelegate.swift; sourceTree = "<group>"; };
		968583372B9A040B00CF4603 /* FontViewController.swift */ = {isa = PBXFileReference; lastKnownFileType = sourcecode.swift; path = FontViewController.swift; sourceTree = "<group>"; };
		968583382B9A040B00CF4603 /* FontViewController.xib */ = {isa = PBXFileReference; lastKnownFileType = file.xib; path = FontViewController.xib; sourceTree = "<group>"; };
		96DC38C72BA34D09005C5DBE /* Base */ = {isa = PBXFileReference; lastKnownFileType = file.storyboard; name = Base; path = Udacity_Meme1.1/Screen/Tabbar/Base.lproj/ListMeme.storyboard; sourceTree = "<group>"; };
		96DC38CB2BA34D7E005C5DBE /* MemeTableViewCell.swift */ = {isa = PBXFileReference; lastKnownFileType = sourcecode.swift; path = MemeTableViewCell.swift; sourceTree = "<group>"; };
		96DC38CC2BA34D7E005C5DBE /* MemeTableViewCell.xib */ = {isa = PBXFileReference; lastKnownFileType = file.xib; path = MemeTableViewCell.xib; sourceTree = "<group>"; };
		96DC38CF2BA34DA8005C5DBE /* ListMemeViewController.swift */ = {isa = PBXFileReference; lastKnownFileType = sourcecode.swift; path = ListMemeViewController.swift; sourceTree = "<group>"; };
		96DC38D22BA3516D005C5DBE /* MemeSource.swift */ = {isa = PBXFileReference; lastKnownFileType = sourcecode.swift; path = MemeSource.swift; sourceTree = "<group>"; };
		96E883432B9EC081007929BC /* ImagePickerManager.swift */ = {isa = PBXFileReference; lastKnownFileType = sourcecode.swift; path = ImagePickerManager.swift; sourceTree = "<group>"; };
		96F9C6462BA1FECC005A87D3 /* MemeEditorViewController.xib */ = {isa = PBXFileReference; lastKnownFileType = file.xib; path = MemeEditorViewController.xib; sourceTree = "<group>"; };
		96F9C64D2BA20157005A87D3 /* TabbarController.swift */ = {isa = PBXFileReference; lastKnownFileType = sourcecode.swift; path = TabbarController.swift; sourceTree = "<group>"; };
/* End PBXFileReference section */

/* Begin PBXFrameworksBuildPhase section */
		968583182B99F8CA00CF4603 /* Frameworks */ = {
			isa = PBXFrameworksBuildPhase;
			buildActionMask = 2147483647;
			files = (
			);
			runOnlyForDeploymentPostprocessing = 0;
		};
/* End PBXFrameworksBuildPhase section */

/* Begin PBXGroup section */
		963D625A2BA1513100FA6920 /* Model */ = {
			isa = PBXGroup;
			children = (
				963D625B2BA151DD00FA6920 /* Meme.swift */,
			);
			path = Model;
			sourceTree = "<group>";
		};
		964A23E22BA8332600332CA2 /* CollectionMeme */ = {
			isa = PBXGroup;
			children = (
				964A23E52BA8344700332CA2 /* Cell */,
				96452F722BA832EC00F2BCE2 /* CollectionMeme.storyboard */,
				964A23E32BA8335900332CA2 /* CollectionMemeViewController.swift */,
			);
			path = CollectionMeme;
			sourceTree = "<group>";
		};
		964A23E52BA8344700332CA2 /* Cell */ = {
			isa = PBXGroup;
			children = (
				964A23E62BA8345300332CA2 /* MemeCollectionViewCell.swift */,
				964A23E72BA8345300332CA2 /* MemeCollectionViewCell.xib */,
			);
			path = Cell;
			sourceTree = "<group>";
		};
		9666C6AD2BA0348F00007AFC /* CustomView */ = {
			isa = PBXGroup;
			children = (
				9666C6AE2BA034A900007AFC /* MemeTextField.swift */,
			);
			path = CustomView;
			sourceTree = "<group>";
		};
		968583122B99F8CA00CF4603 = {
			isa = PBXGroup;
			children = (
				9685831D2B99F8CA00CF4603 /* Udacity_Meme1.1 */,
				9685831C2B99F8CA00CF4603 /* Products */,
			);
			sourceTree = "<group>";
		};
		9685831C2B99F8CA00CF4603 /* Products */ = {
			isa = PBXGroup;
			children = (
				9685831B2B99F8CA00CF4603 /* Udacity_Meme1.1.app */,
			);
			name = Products;
			sourceTree = "<group>";
		};
		9685831D2B99F8CA00CF4603 /* Udacity_Meme1.1 */ = {
			isa = PBXGroup;
			children = (
				96DC38D12BA3514C005C5DBE /* SharedSource */,
				963D625A2BA1513100FA6920 /* Model */,
				968583362B9A03EB00CF4603 /* Screen */,
				9685831E2B99F8CA00CF4603 /* AppDelegate.swift */,
				968583202B99F8CA00CF4603 /* SceneDelegate.swift */,
				96E883432B9EC081007929BC /* ImagePickerManager.swift */,
				968583342B9A017300CF4603 /* TabbarDelegate.swift */,
				968583272B99F8CB00CF4603 /* Assets.xcassets */,
				968583292B99F8CB00CF4603 /* LaunchScreen.storyboard */,
				9685832C2B99F8CB00CF4603 /* Info.plist */,
			);
			path = Udacity_Meme1.1;
			sourceTree = "<group>";
		};
		968583362B9A03EB00CF4603 /* Screen */ = {
			isa = PBXGroup;
			children = (
				964A23E22BA8332600332CA2 /* CollectionMeme */,
				96DC38C92BA34D1B005C5DBE /* ListMeme */,
				96F9C64C2BA20143005A87D3 /* Tabbar */,
				96F9C6452BA1FEAE005A87D3 /* MemeEditor */,
				9666C6AD2BA0348F00007AFC /* CustomView */,
				9685833B2B9A0CE300CF4603 /* Font */,
			);
			path = Screen;
			sourceTree = "<group>";
		};
		9685833B2B9A0CE300CF4603 /* Font */ = {
			isa = PBXGroup;
			children = (
				968583372B9A040B00CF4603 /* FontViewController.swift */,
				968583382B9A040B00CF4603 /* FontViewController.xib */,
			);
			path = Font;
			sourceTree = "<group>";
		};
		96DC38C92BA34D1B005C5DBE /* ListMeme */ = {
			isa = PBXGroup;
			children = (
				96DC38CA2BA34D5F005C5DBE /* cell */,
				96DC38C62BA34D09005C5DBE /* ListMeme.storyboard */,
				96DC38CF2BA34DA8005C5DBE /* ListMemeViewController.swift */,
			);
			path = ListMeme;
			sourceTree = "<group>";
		};
		96DC38CA2BA34D5F005C5DBE /* cell */ = {
			isa = PBXGroup;
			children = (
				96DC38CB2BA34D7E005C5DBE /* MemeTableViewCell.swift */,
				96DC38CC2BA34D7E005C5DBE /* MemeTableViewCell.xib */,
			);
			path = cell;
			sourceTree = "<group>";
		};
		96DC38D12BA3514C005C5DBE /* SharedSource */ = {
			isa = PBXGroup;
			children = (
				96DC38D22BA3516D005C5DBE /* MemeSource.swift */,
			);
			path = SharedSource;
			sourceTree = "<group>";
		};
		96F9C6452BA1FEAE005A87D3 /* MemeEditor */ = {
			isa = PBXGroup;
			children = (
				968583222B99F8CA00CF4603 /* MemeEditorViewController.swift */,
				96F9C6462BA1FECC005A87D3 /* MemeEditorViewController.xib */,
			);
			path = MemeEditor;
			sourceTree = "<group>";
		};
		96F9C64C2BA20143005A87D3 /* Tabbar */ = {
			isa = PBXGroup;
			children = (
				968583242B99F8CA00CF4603 /* Main.storyboard */,
				96F9C64D2BA20157005A87D3 /* TabbarController.swift */,
			);
			path = Tabbar;
			sourceTree = "<group>";
		};
/* End PBXGroup section */

/* Begin PBXNativeTarget section */
		9685831A2B99F8CA00CF4603 /* Udacity_Meme1.1 */ = {
			isa = PBXNativeTarget;
			buildConfigurationList = 9685832F2B99F8CB00CF4603 /* Build configuration list for PBXNativeTarget "Udacity_Meme1.1" */;
			buildPhases = (
				968583172B99F8CA00CF4603 /* Sources */,
				968583182B99F8CA00CF4603 /* Frameworks */,
				968583192B99F8CA00CF4603 /* Resources */,
			);
			buildRules = (
			);
			dependencies = (
			);
			name = Udacity_Meme1.1;
			productName = Udacity_Meme1.1;
			productReference = 9685831B2B99F8CA00CF4603 /* Udacity_Meme1.1.app */;
			productType = "com.apple.product-type.application";
		};
/* End PBXNativeTarget section */

/* Begin PBXProject section */
		968583132B99F8CA00CF4603 /* Project object */ = {
			isa = PBXProject;
			attributes = {
				BuildIndependentTargetsInParallel = 1;
				LastSwiftUpdateCheck = 1520;
				LastUpgradeCheck = 1520;
				TargetAttributes = {
					9685831A2B99F8CA00CF4603 = {
						CreatedOnToolsVersion = 15.2;
					};
				};
			};
			buildConfigurationList = 968583162B99F8CA00CF4603 /* Build configuration list for PBXProject "Udacity_Meme1.1" */;
			compatibilityVersion = "Xcode 14.0";
			developmentRegion = en;
			hasScannedForEncodings = 0;
			knownRegions = (
				en,
				Base,
			);
			mainGroup = 968583122B99F8CA00CF4603;
			productRefGroup = 9685831C2B99F8CA00CF4603 /* Products */;
			projectDirPath = "";
			projectRoot = "";
			targets = (
				9685831A2B99F8CA00CF4603 /* Udacity_Meme1.1 */,
			);
		};
/* End PBXProject section */

/* Begin PBXResourcesBuildPhase section */
		968583192B99F8CA00CF4603 /* Resources */ = {
			isa = PBXResourcesBuildPhase;
			buildActionMask = 2147483647;
			files = (
				96452F742BA832EC00F2BCE2 /* CollectionMeme.storyboard in Resources */,
				964A23E92BA8345300332CA2 /* MemeCollectionViewCell.xib in Resources */,
				9685832B2B99F8CB00CF4603 /* LaunchScreen.storyboard in Resources */,
				96DC38CE2BA34D7E005C5DBE /* MemeTableViewCell.xib in Resources */,
				9685833A2B9A040B00CF4603 /* FontViewController.xib in Resources */,
				96DC38C82BA34D09005C5DBE /* ListMeme.storyboard in Resources */,
				968583282B99F8CB00CF4603 /* Assets.xcassets in Resources */,
				968583262B99F8CA00CF4603 /* Main.storyboard in Resources */,
				96F9C6472BA1FECC005A87D3 /* MemeEditorViewController.xib in Resources */,
			);
			runOnlyForDeploymentPostprocessing = 0;
		};
/* End PBXResourcesBuildPhase section */

/* Begin PBXSourcesBuildPhase section */
		968583172B99F8CA00CF4603 /* Sources */ = {
			isa = PBXSourcesBuildPhase;
			buildActionMask = 2147483647;
			files = (
				9666C6AF2BA034A900007AFC /* MemeTextField.swift in Sources */,
				963D625C2BA151DD00FA6920 /* Meme.swift in Sources */,
				968583232B99F8CA00CF4603 /* MemeEditorViewController.swift in Sources */,
				96E883442B9EC081007929BC /* ImagePickerManager.swift in Sources */,
				964A23E82BA8345300332CA2 /* MemeCollectionViewCell.swift in Sources */,
				9685831F2B99F8CA00CF4603 /* AppDelegate.swift in Sources */,
				964A23E42BA8335900332CA2 /* CollectionMemeViewController.swift in Sources */,
				968583352B9A017300CF4603 /* TabbarDelegate.swift in Sources */,
				968583392B9A040B00CF4603 /* FontViewController.swift in Sources */,
				96DC38D02BA34DA8005C5DBE /* ListMemeViewController.swift in Sources */,
				96DC38D32BA3516D005C5DBE /* MemeSource.swift in Sources */,
				96DC38CD2BA34D7E005C5DBE /* MemeTableViewCell.swift in Sources */,
				96F9C64E2BA20157005A87D3 /* TabbarController.swift in Sources */,
				968583212B99F8CA00CF4603 /* SceneDelegate.swift in Sources */,
			);
			runOnlyForDeploymentPostprocessing = 0;
		};
/* End PBXSourcesBuildPhase section */

/* Begin PBXVariantGroup section */
		96452F722BA832EC00F2BCE2 /* CollectionMeme.storyboard */ = {
			isa = PBXVariantGroup;
			children = (
				96452F732BA832EC00F2BCE2 /* Base */,
			);
			name = CollectionMeme.storyboard;
			sourceTree = "<group>";
		};
		968583242B99F8CA00CF4603 /* Main.storyboard */ = {
			isa = PBXVariantGroup;
			children = (
				968583252B99F8CA00CF4603 /* Base */,
			);
			name = Main.storyboard;
			sourceTree = "<group>";
		};
		968583292B99F8CB00CF4603 /* LaunchScreen.storyboard */ = {
			isa = PBXVariantGroup;
			children = (
				9685832A2B99F8CB00CF4603 /* Base */,
			);
			name = LaunchScreen.storyboard;
			sourceTree = "<group>";
		};
		96DC38C62BA34D09005C5DBE /* ListMeme.storyboard */ = {
			isa = PBXVariantGroup;
			children = (
				96DC38C72BA34D09005C5DBE /* Base */,
			);
			name = ListMeme.storyboard;
			sourceTree = "<group>";
		};
/* End PBXVariantGroup section */

/* Begin XCBuildConfiguration section */
		9685832D2B99F8CB00CF4603 /* Debug */ = {
			isa = XCBuildConfiguration;
			buildSettings = {
				ALWAYS_SEARCH_USER_PATHS = NO;
				ASSETCATALOG_COMPILER_GENERATE_SWIFT_ASSET_SYMBOL_EXTENSIONS = YES;
				CLANG_ANALYZER_NONNULL = YES;
				CLANG_ANALYZER_NUMBER_OBJECT_CONVERSION = YES_AGGRESSIVE;
				CLANG_CXX_LANGUAGE_STANDARD = "gnu++20";
				CLANG_ENABLE_MODULES = YES;
				CLANG_ENABLE_OBJC_ARC = YES;
				CLANG_ENABLE_OBJC_WEAK = YES;
				CLANG_WARN_BLOCK_CAPTURE_AUTORELEASING = YES;
				CLANG_WARN_BOOL_CONVERSION = YES;
				CLANG_WARN_COMMA = YES;
				CLANG_WARN_CONSTANT_CONVERSION = YES;
				CLANG_WARN_DEPRECATED_OBJC_IMPLEMENTATIONS = YES;
				CLANG_WARN_DIRECT_OBJC_ISA_USAGE = YES_ERROR;
				CLANG_WARN_DOCUMENTATION_COMMENTS = YES;
				CLANG_WARN_EMPTY_BODY = YES;
				CLANG_WARN_ENUM_CONVERSION = YES;
				CLANG_WARN_INFINITE_RECURSION = YES;
				CLANG_WARN_INT_CONVERSION = YES;
				CLANG_WARN_NON_LITERAL_NULL_CONVERSION = YES;
				CLANG_WARN_OBJC_IMPLICIT_RETAIN_SELF = YES;
				CLANG_WARN_OBJC_LITERAL_CONVERSION = YES;
				CLANG_WARN_OBJC_ROOT_CLASS = YES_ERROR;
				CLANG_WARN_QUOTED_INCLUDE_IN_FRAMEWORK_HEADER = YES;
				CLANG_WARN_RANGE_LOOP_ANALYSIS = YES;
				CLANG_WARN_STRICT_PROTOTYPES = YES;
				CLANG_WARN_SUSPICIOUS_MOVE = YES;
				CLANG_WARN_UNGUARDED_AVAILABILITY = YES_AGGRESSIVE;
				CLANG_WARN_UNREACHABLE_CODE = YES;
				CLANG_WARN__DUPLICATE_METHOD_MATCH = YES;
				COPY_PHASE_STRIP = NO;
				DEBUG_INFORMATION_FORMAT = dwarf;
				ENABLE_STRICT_OBJC_MSGSEND = YES;
				ENABLE_TESTABILITY = YES;
				ENABLE_USER_SCRIPT_SANDBOXING = YES;
				GCC_C_LANGUAGE_STANDARD = gnu17;
				GCC_DYNAMIC_NO_PIC = NO;
				GCC_NO_COMMON_BLOCKS = YES;
				GCC_OPTIMIZATION_LEVEL = 0;
				GCC_PREPROCESSOR_DEFINITIONS = (
					"DEBUG=1",
					"$(inherited)",
				);
				GCC_WARN_64_TO_32_BIT_CONVERSION = YES;
				GCC_WARN_ABOUT_RETURN_TYPE = YES_ERROR;
				GCC_WARN_UNDECLARED_SELECTOR = YES;
				GCC_WARN_UNINITIALIZED_AUTOS = YES_AGGRESSIVE;
				GCC_WARN_UNUSED_FUNCTION = YES;
				GCC_WARN_UNUSED_VARIABLE = YES;
				IPHONEOS_DEPLOYMENT_TARGET = 17.2;
				LOCALIZATION_PREFERS_STRING_CATALOGS = YES;
				MTL_ENABLE_DEBUG_INFO = INCLUDE_SOURCE;
				MTL_FAST_MATH = YES;
				ONLY_ACTIVE_ARCH = YES;
				SDKROOT = iphoneos;
				SWIFT_ACTIVE_COMPILATION_CONDITIONS = "DEBUG $(inherited)";
				SWIFT_OPTIMIZATION_LEVEL = "-Onone";
			};
			name = Debug;
		};
		9685832E2B99F8CB00CF4603 /* Release */ = {
			isa = XCBuildConfiguration;
			buildSettings = {
				ALWAYS_SEARCH_USER_PATHS = NO;
				ASSETCATALOG_COMPILER_GENERATE_SWIFT_ASSET_SYMBOL_EXTENSIONS = YES;
				CLANG_ANALYZER_NONNULL = YES;
				CLANG_ANALYZER_NUMBER_OBJECT_CONVERSION = YES_AGGRESSIVE;
				CLANG_CXX_LANGUAGE_STANDARD = "gnu++20";
				CLANG_ENABLE_MODULES = YES;
				CLANG_ENABLE_OBJC_ARC = YES;
				CLANG_ENABLE_OBJC_WEAK = YES;
				CLANG_WARN_BLOCK_CAPTURE_AUTORELEASING = YES;
				CLANG_WARN_BOOL_CONVERSION = YES;
				CLANG_WARN_COMMA = YES;
				CLANG_WARN_CONSTANT_CONVERSION = YES;
				CLANG_WARN_DEPRECATED_OBJC_IMPLEMENTATIONS = YES;
				CLANG_WARN_DIRECT_OBJC_ISA_USAGE = YES_ERROR;
				CLANG_WARN_DOCUMENTATION_COMMENTS = YES;
				CLANG_WARN_EMPTY_BODY = YES;
				CLANG_WARN_ENUM_CONVERSION = YES;
				CLANG_WARN_INFINITE_RECURSION = YES;
				CLANG_WARN_INT_CONVERSION = YES;
				CLANG_WARN_NON_LITERAL_NULL_CONVERSION = YES;
				CLANG_WARN_OBJC_IMPLICIT_RETAIN_SELF = YES;
				CLANG_WARN_OBJC_LITERAL_CONVERSION = YES;
				CLANG_WARN_OBJC_ROOT_CLASS = YES_ERROR;
				CLANG_WARN_QUOTED_INCLUDE_IN_FRAMEWORK_HEADER = YES;
				CLANG_WARN_RANGE_LOOP_ANALYSIS = YES;
				CLANG_WARN_STRICT_PROTOTYPES = YES;
				CLANG_WARN_SUSPICIOUS_MOVE = YES;
				CLANG_WARN_UNGUARDED_AVAILABILITY = YES_AGGRESSIVE;
				CLANG_WARN_UNREACHABLE_CODE = YES;
				CLANG_WARN__DUPLICATE_METHOD_MATCH = YES;
				COPY_PHASE_STRIP = NO;
				DEBUG_INFORMATION_FORMAT = "dwarf-with-dsym";
				ENABLE_NS_ASSERTIONS = NO;
				ENABLE_STRICT_OBJC_MSGSEND = YES;
				ENABLE_USER_SCRIPT_SANDBOXING = YES;
				GCC_C_LANGUAGE_STANDARD = gnu17;
				GCC_NO_COMMON_BLOCKS = YES;
				GCC_WARN_64_TO_32_BIT_CONVERSION = YES;
				GCC_WARN_ABOUT_RETURN_TYPE = YES_ERROR;
				GCC_WARN_UNDECLARED_SELECTOR = YES;
				GCC_WARN_UNINITIALIZED_AUTOS = YES_AGGRESSIVE;
				GCC_WARN_UNUSED_FUNCTION = YES;
				GCC_WARN_UNUSED_VARIABLE = YES;
				IPHONEOS_DEPLOYMENT_TARGET = 17.2;
				LOCALIZATION_PREFERS_STRING_CATALOGS = YES;
				MTL_ENABLE_DEBUG_INFO = NO;
				MTL_FAST_MATH = YES;
				SDKROOT = iphoneos;
				SWIFT_COMPILATION_MODE = wholemodule;
				VALIDATE_PRODUCT = YES;
			};
			name = Release;
		};
		968583302B99F8CB00CF4603 /* Debug */ = {
			isa = XCBuildConfiguration;
			buildSettings = {
				ASSETCATALOG_COMPILER_APPICON_NAME = AppIcon;
				ASSETCATALOG_COMPILER_GLOBAL_ACCENT_COLOR_NAME = AccentColor;
				CODE_SIGN_STYLE = Automatic;
				CURRENT_PROJECT_VERSION = 1;
				DEVELOPMENT_TEAM = GCAT449K7M;
				GENERATE_INFOPLIST_FILE = YES;
				INFOPLIST_FILE = Udacity_Meme1.1/Info.plist;
				INFOPLIST_KEY_NSCameraUsageDescription = "Used to take photos for making memes 2";
				INFOPLIST_KEY_NSPhotoLibraryAddUsageDescription = "use to save image";
				INFOPLIST_KEY_NSPhotoLibraryUsageDescription = "Used to show user's saved memes 1";
				INFOPLIST_KEY_UIApplicationSupportsIndirectInputEvents = YES;
				INFOPLIST_KEY_UILaunchStoryboardName = LaunchScreen;
				INFOPLIST_KEY_UIMainStoryboardFile = Main;
				INFOPLIST_KEY_UISupportedInterfaceOrientations_iPad = "UIInterfaceOrientationPortrait UIInterfaceOrientationPortraitUpsideDown UIInterfaceOrientationLandscapeLeft UIInterfaceOrientationLandscapeRight";
				INFOPLIST_KEY_UISupportedInterfaceOrientations_iPhone = "UIInterfaceOrientationPortrait UIInterfaceOrientationLandscapeLeft UIInterfaceOrientationLandscapeRight";
				IPHONEOS_DEPLOYMENT_TARGET = 14.5;
				LD_RUNPATH_SEARCH_PATHS = (
					"$(inherited)",
					"@executable_path/Frameworks",
				);
				MARKETING_VERSION = 1.0;
				PRODUCT_BUNDLE_IDENTIFIER = "cuong.ios.Udacity-Meme1-1";
				PRODUCT_NAME = "$(TARGET_NAME)";
				SUPPORTED_PLATFORMS = "iphoneos iphonesimulator";
				SUPPORTS_MACCATALYST = NO;
				SUPPORTS_MAC_DESIGNED_FOR_IPHONE_IPAD = NO;
				SUPPORTS_XR_DESIGNED_FOR_IPHONE_IPAD = NO;
				SWIFT_EMIT_LOC_STRINGS = YES;
				SWIFT_VERSION = 5.0;
				TARGETED_DEVICE_FAMILY = "1,2";
			};
			name = Debug;
		};
		968583312B99F8CB00CF4603 /* Release */ = {
			isa = XCBuildConfiguration;
			buildSettings = {
				ASSETCATALOG_COMPILER_APPICON_NAME = AppIcon;
				ASSETCATALOG_COMPILER_GLOBAL_ACCENT_COLOR_NAME = AccentColor;
				CODE_SIGN_STYLE = Automatic;
				CURRENT_PROJECT_VERSION = 1;
				DEVELOPMENT_TEAM = GCAT449K7M;
				GENERATE_INFOPLIST_FILE = YES;
				INFOPLIST_FILE = Udacity_Meme1.1/Info.plist;
				INFOPLIST_KEY_NSCameraUsageDescription = "Used to take photos for making memes 2";
				INFOPLIST_KEY_NSPhotoLibraryAddUsageDescription = "use to save image";
				INFOPLIST_KEY_NSPhotoLibraryUsageDescription = "Used to show user's saved memes 1";
				INFOPLIST_KEY_UIApplicationSupportsIndirectInputEvents = YES;
				INFOPLIST_KEY_UILaunchStoryboardName = LaunchScreen;
				INFOPLIST_KEY_UIMainStoryboardFile = Main;
				INFOPLIST_KEY_UISupportedInterfaceOrientations_iPad = "UIInterfaceOrientationPortrait UIInterfaceOrientationPortraitUpsideDown UIInterfaceOrientationLandscapeLeft UIInterfaceOrientationLandscapeRight";
				INFOPLIST_KEY_UISupportedInterfaceOrientations_iPhone = "UIInterfaceOrientationPortrait UIInterfaceOrientationLandscapeLeft UIInterfaceOrientationLandscapeRight";
				IPHONEOS_DEPLOYMENT_TARGET = 14.5;
				LD_RUNPATH_SEARCH_PATHS = (
					"$(inherited)",
					"@executable_path/Frameworks",
				);
				MARKETING_VERSION = 1.0;
				PRODUCT_BUNDLE_IDENTIFIER = "cuong.ios.Udacity-Meme1-1";
				PRODUCT_NAME = "$(TARGET_NAME)";
				SUPPORTED_PLATFORMS = "iphoneos iphonesimulator";
				SUPPORTS_MACCATALYST = NO;
				SUPPORTS_MAC_DESIGNED_FOR_IPHONE_IPAD = NO;
				SUPPORTS_XR_DESIGNED_FOR_IPHONE_IPAD = NO;
				SWIFT_EMIT_LOC_STRINGS = YES;
				SWIFT_VERSION = 5.0;
				TARGETED_DEVICE_FAMILY = "1,2";
			};
			name = Release;
		};
/* End XCBuildConfiguration section */

/* Begin XCConfigurationList section */
		968583162B99F8CA00CF4603 /* Build configuration list for PBXProject "Udacity_Meme1.1" */ = {
			isa = XCConfigurationList;
			buildConfigurations = (
				9685832D2B99F8CB00CF4603 /* Debug */,
				9685832E2B99F8CB00CF4603 /* Release */,
			);
			defaultConfigurationIsVisible = 0;
			defaultConfigurationName = Release;
		};
		9685832F2B99F8CB00CF4603 /* Build configuration list for PBXNativeTarget "Udacity_Meme1.1" */ = {
			isa = XCConfigurationList;
			buildConfigurations = (
				968583302B99F8CB00CF4603 /* Debug */,
				968583312B99F8CB00CF4603 /* Release */,
			);
			defaultConfigurationIsVisible = 0;
			defaultConfigurationName = Release;
		};
/* End XCConfigurationList section */
	};
	rootObject = 968583132B99F8CA00CF4603 /* Project object */;
}
